
Microsoft Visual Studio Solution File, Format Version 12.00
# Visual Studio Version 17
VisualStudioVersion = 17.4.33213.308
MinimumVisualStudioVersion = 10.0.40219.1
Project("{FAE04EC0-301F-11D3-BF4B-00C04F79EFBC}") = "SmartSchool.WebAPI", "SmartSchool.WebAPI\SmartSchool.WebAPI.csproj", "{52AD86D1-26CD-4B55-8627-98F3F2473189}"
EndProject
Global
	GlobalSection(SolutionConfigurationPlatforms) = preSolution
		Debug|Any CPU = Debug|Any CPU
		Release|Any CPU = Release|Any CPU
	EndGlobalSection
	GlobalSection(ProjectConfigurationPlatforms) = postSolution
		{52AD86D1-26CD-4B55-8627-98F3F2473189}.Debug|Any CPU.ActiveCfg = Debug|Any CPU
		{52AD86D1-26CD-4B55-8627-98F3F2473189}.Debug|Any CPU.Build.0 = Debug|Any CPU
		{52AD86D1-26CD-4B55-8627-98F3F2473189}.Release|Any CPU.ActiveCfg = Release|Any CPU
		{52AD86D1-26CD-4B55-8627-98F3F2473189}.Release|Any CPU.Build.0 = Release|Any CPU
	EndGlobalSection
	GlobalSection(SolutionProperties) = preSolution
		HideSolutionNode = FALSE
	EndGlobalSection
	GlobalSection(ExtensibilityGlobals) = postSolution
		SolutionGuid = {921F96BE-1827-446A-B955-BE49D6933156}
	EndGlobalSection
EndGlobal
